{
  "name": "jobwatch",
  "version": "0.0.0",
  "lockfileVersion": 2,
  "requires": true,
  "packages": {
    "": {
      "name": "jobwatch",
      "version": "0.0.0",
      "dependencies": {
        "@vaadin/vaadin-app-layout": "^21.0.2",
        "@vaadin/vaadin-icon": "^21.0.2",
        "@vaadin/vaadin-icons": "^21.0.2",
        "@vaadin/vaadin-lumo-styles": "^21.0.2",
        "@vaadin/vaadin-tabs": "^21.0.2",
        "lit": "^2.0.0"
      },
      "devDependencies": {
        "typescript": "^4.3.2",
        "vite": "^2.5.4"
      }
    },
    "node_modules/@lit/reactive-element": {
      "version": "1.0.0",
      "resolved": "https://registry.npmjs.org/@lit/reactive-element/-/reactive-element-1.0.0.tgz",
      "integrity": "sha512-Kpgenb8UNFsKCsFhggiVvUkCbcFQSd6N8hffYEEGjz27/4rw3cTSsmP9t3q1EHOAsdum60Wo64HvuZDFpEwexA=="
    },
    "node_modules/@polymer/iron-flex-layout": {
      "version": "3.0.1",
      "resolved": "https://registry.npmjs.org/@polymer/iron-flex-layout/-/iron-flex-layout-3.0.1.tgz",
      "integrity": "sha512-7gB869czArF+HZcPTVSgvA7tXYFze9EKckvM95NB7SqYF+NnsQyhoXgKnpFwGyo95lUjUW9TFDLUwDXnCYFtkw==",
      "dependencies": {
        "@polymer/polymer": "^3.0.0"
      }
    },
    "node_modules/@polymer/iron-icon": {
      "version": "3.0.1",
      "resolved": "https://registry.npmjs.org/@polymer/iron-icon/-/iron-icon-3.0.1.tgz",
      "integrity": "sha512-QLPwirk+UPZNaLnMew9VludXA4CWUCenRewgEcGYwdzVgDPCDbXxy6vRJjmweZobMQv/oVLppT2JZtJFnPxX6g==",
      "dependencies": {
        "@polymer/iron-flex-layout": "^3.0.0-pre.26",
        "@polymer/iron-meta": "^3.0.0-pre.26",
        "@polymer/polymer": "^3.0.0"
      }
    },
    "node_modules/@polymer/iron-iconset-svg": {
      "version": "3.0.1",
      "resolved": "https://registry.npmjs.org/@polymer/iron-iconset-svg/-/iron-iconset-svg-3.0.1.tgz",
      "integrity": "sha512-XNwURbNHRw6u2fJe05O5fMYye6GSgDlDqCO+q6K1zAnKIrpgZwf2vTkBd5uCcZwsN0FyCB3mvNZx4jkh85dRDw==",
      "dependencies": {
        "@polymer/iron-meta": "^3.0.0-pre.26",
        "@polymer/polymer": "^3.0.0"
      }
    },
    "node_modules/@polymer/iron-meta": {
      "version": "3.0.1",
      "resolved": "https://registry.npmjs.org/@polymer/iron-meta/-/iron-meta-3.0.1.tgz",
      "integrity": "sha512-pWguPugiLYmWFV9UWxLWzZ6gm4wBwQdDy4VULKwdHCqR7OP7u98h+XDdGZsSlDPv6qoryV/e3tGHlTIT0mbzJA==",
      "dependencies": {
        "@polymer/polymer": "^3.0.0"
      }
    },
    "node_modules/@polymer/iron-resizable-behavior": {
      "version": "3.0.1",
      "resolved": "https://registry.npmjs.org/@polymer/iron-resizable-behavior/-/iron-resizable-behavior-3.0.1.tgz",
      "integrity": "sha512-FyHxRxFspVoRaeZSWpT3y0C9awomb4tXXolIJcZ7RvXhMP632V5lez+ch5G5SwK0LpnAPkg35eB0LPMFv+YMMQ==",
      "dependencies": {
        "@polymer/polymer": "^3.0.0"
      }
    },
    "node_modules/@polymer/polymer": {
      "version": "3.4.1",
      "resolved": "https://registry.npmjs.org/@polymer/polymer/-/polymer-3.4.1.tgz",
      "integrity": "sha512-KPWnhDZibtqKrUz7enIPOiO4ZQoJNOuLwqrhV2MXzIt3VVnUVJVG5ORz4Z2sgO+UZ+/UZnPD0jqY+jmw/+a9mQ==",
      "dependencies": {
        "@webcomponents/shadycss": "^1.9.1"
      }
    },
    "node_modules/@types/trusted-types": {
      "version": "2.0.2",
      "resolved": "https://registry.npmjs.org/@types/trusted-types/-/trusted-types-2.0.2.tgz",
      "integrity": "sha512-F5DIZ36YVLE+PN+Zwws4kJogq47hNgX3Nx6WyDJ3kcplxyke3XIzB8uK5n/Lpm1HBsbGzd6nmGehL8cPekP+Tg=="
    },
    "node_modules/@vaadin/vaadin-app-layout": {
      "version": "21.0.2",
      "resolved": "https://registry.npmjs.org/@vaadin/vaadin-app-layout/-/vaadin-app-layout-21.0.2.tgz",
      "integrity": "sha512-YhblyixmlGiOglJOuiPPsAB8Kpfd63G6btFV3sjgUyNHQT75OotDSNZwY9cixUCB38fFbCvRvwjWPDJBvYtokw==",
      "dependencies": {
        "@polymer/iron-resizable-behavior": "^3.0.0",
        "@polymer/polymer": "^3.0.0",
        "@vaadin/vaadin-button": "^21.0.2",
        "@vaadin/vaadin-element-mixin": "^21.0.2",
        "@vaadin/vaadin-lumo-styles": "^21.0.2",
        "@vaadin/vaadin-material-styles": "^21.0.2",
        "@vaadin/vaadin-themable-mixin": "^21.0.2"
      }
    },
    "node_modules/@vaadin/vaadin-button": {
      "version": "21.0.2",
      "resolved": "https://registry.npmjs.org/@vaadin/vaadin-button/-/vaadin-button-21.0.2.tgz",
      "integrity": "sha512-cMMODwjazzRSoh87aZtMdG3vJns006FP8GiLIZN1nq4h2r3mN52NZnx3dAJ/mBvrFHjmsnS+i2OoR9TjGLibnw==",
      "dependencies": {
        "@polymer/polymer": "^3.0.0",
        "@vaadin/vaadin-control-state-mixin": "^21.0.2",
        "@vaadin/vaadin-element-mixin": "^21.0.2",
        "@vaadin/vaadin-lumo-styles": "^21.0.2",
        "@vaadin/vaadin-material-styles": "^21.0.2",
        "@vaadin/vaadin-themable-mixin": "^21.0.2"
      }
    },
    "node_modules/@vaadin/vaadin-control-state-mixin": {
      "version": "21.0.2",
      "resolved": "https://registry.npmjs.org/@vaadin/vaadin-control-state-mixin/-/vaadin-control-state-mixin-21.0.2.tgz",
      "integrity": "sha512-yV+Kd5N3pO+92BVu821KY2UgJ2PpWROz2WnddNkf2mxl1Hd1y2UqmZsuTMwRCTW+M3tUMIxKWlzd0SNUR81klw==",
      "dependencies": {
        "@polymer/polymer": "^3.0.0"
      }
    },
    "node_modules/@vaadin/vaadin-development-mode-detector": {
      "version": "2.0.4",
      "resolved": "https://registry.npmjs.org/@vaadin/vaadin-development-mode-detector/-/vaadin-development-mode-detector-2.0.4.tgz",
      "integrity": "sha512-S+PaFrZpK8uBIOnIHxjntTrgumd5ztuCnZww96ydGKXgo9whXfZsbMwDuD/102a/IuPUMyF+dh/n3PbWzJ6igA=="
    },
    "node_modules/@vaadin/vaadin-element-mixin": {
      "version": "21.0.2",
      "resolved": "https://registry.npmjs.org/@vaadin/vaadin-element-mixin/-/vaadin-element-mixin-21.0.2.tgz",
      "integrity": "sha512-LbDEoK8vrpmEJgfQN4AixwkS3hT+lka6nPewvZrwnRsPnm20R6xQcLQzEN+755u1U1YmPfeglOxRItaEgXR7pA==",
      "dependencies": {
        "@polymer/polymer": "^3.0.0",
        "@vaadin/vaadin-development-mode-detector": "^2.0.0",
        "@vaadin/vaadin-usage-statistics": "^2.1.0"
      }
    },
    "node_modules/@vaadin/vaadin-icon": {
      "version": "21.0.2",
      "resolved": "https://registry.npmjs.org/@vaadin/vaadin-icon/-/vaadin-icon-21.0.2.tgz",
      "integrity": "sha512-7PqMTzxjrrXptzzSuyuc3ZahbmS2GYaea8kzEWM/YfEGg1wfvgNrwtRMMTIMLgoFc7kZrR4Z40DgVtkueHan3A==",
      "dependencies": {
        "@polymer/polymer": "^3.0.0",
        "@vaadin/vaadin-element-mixin": "^21.0.2",
        "@vaadin/vaadin-lumo-styles": "^21.0.2",
        "@vaadin/vaadin-themable-mixin": "^21.0.2",
        "lit": "^2.0.0"
      }
    },
    "node_modules/@vaadin/vaadin-icons": {
      "version": "21.0.2",
      "resolved": "https://registry.npmjs.org/@vaadin/vaadin-icons/-/vaadin-icons-21.0.2.tgz",
      "integrity": "sha512-Z2oNo0S+9LKzuv+o/h5XFHbwa2lU31jopTypOZ+LYV+FjH0HusUL1YKLgDMsb8lTc0DKjJ3Jk2RG8MCx9MBOWQ==",
      "dependencies": {
        "@polymer/iron-icon": "^3.0.0",
        "@polymer/iron-iconset-svg": "^3.0.0",
        "@polymer/polymer": "^3.0.0",
        "@vaadin/vaadin-icon": "^21.0.2"
      }
    },
    "node_modules/@vaadin/vaadin-item": {
      "version": "21.0.2",
      "resolved": "https://registry.npmjs.org/@vaadin/vaadin-item/-/vaadin-item-21.0.2.tgz",
      "integrity": "sha512-uV8UoX98F1bfD9ZBriuONcIYz7iiYrS3HMelfaBxcBmB+Gnzwp/tybq0em8WbXxfE/SAxk60fgtR53Cdk90hJw==",
      "dependencies": {
        "@polymer/polymer": "^3.0.0",
        "@vaadin/vaadin-element-mixin": "^21.0.2",
        "@vaadin/vaadin-lumo-styles": "^21.0.2",
        "@vaadin/vaadin-material-styles": "^21.0.2",
        "@vaadin/vaadin-themable-mixin": "^21.0.2"
      }
    },
    "node_modules/@vaadin/vaadin-list-mixin": {
      "version": "21.0.2",
      "resolved": "https://registry.npmjs.org/@vaadin/vaadin-list-mixin/-/vaadin-list-mixin-21.0.2.tgz",
      "integrity": "sha512-lNltuElRgj5Ip+yHlbGHjTY1mdd0XljqCM6IIjz62OH672jPyYJK38tws1VUvxmOKD5XabAu4AYpmcg3pkg1jg==",
      "dependencies": {
        "@polymer/polymer": "^3.0.0",
        "@vaadin/vaadin-element-mixin": "^21.0.2"
      }
    },
    "node_modules/@vaadin/vaadin-lumo-styles": {
      "version": "21.0.2",
      "resolved": "https://registry.npmjs.org/@vaadin/vaadin-lumo-styles/-/vaadin-lumo-styles-21.0.2.tgz",
      "integrity": "sha512-/70nrafITHx6GQW7cg4l7oE4cJpLQjTAuwq7UK58L3Z7fmpTJS5G/VMpDGv2brMYhaycHggndA+0WLNXRAscgw==",
      "dependencies": {
        "@polymer/iron-icon": "^3.0.0",
        "@polymer/iron-iconset-svg": "^3.0.0",
        "@polymer/polymer": "^3.0.0",
        "@vaadin/vaadin-icon": "^21.0.2",
        "@vaadin/vaadin-themable-mixin": "^21.0.2"
      }
    },
    "node_modules/@vaadin/vaadin-material-styles": {
      "version": "21.0.2",
      "resolved": "https://registry.npmjs.org/@vaadin/vaadin-material-styles/-/vaadin-material-styles-21.0.2.tgz",
      "integrity": "sha512-YdmQMrAyOdA0jJvdyuG4QGqJHsAcwbrNXOfOzjeBQOv1JddRkhk8dHhryd03yRXWoNVgQin19d0fK1M7xlZuQw==",
      "dependencies": {
        "@polymer/polymer": "^3.0.0",
        "@vaadin/vaadin-themable-mixin": "^21.0.2"
      }
    },
    "node_modules/@vaadin/vaadin-tabs": {
      "version": "21.0.2",
      "resolved": "https://registry.npmjs.org/@vaadin/vaadin-tabs/-/vaadin-tabs-21.0.2.tgz",
      "integrity": "sha512-Pv3AYxpp8RDpRJdPPRrMsm4UyDTY8vOFa85FI9m7TzKNsuTzkOKOBtG2ejtdN3ztRvbhd6fM0oOXZAAYyB98kg==",
      "dependencies": {
        "@polymer/iron-resizable-behavior": "^3.0.0",
        "@polymer/polymer": "^3.0.0",
        "@vaadin/vaadin-element-mixin": "^21.0.2",
        "@vaadin/vaadin-item": "^21.0.2",
        "@vaadin/vaadin-list-mixin": "^21.0.2",
        "@vaadin/vaadin-lumo-styles": "^21.0.2",
        "@vaadin/vaadin-material-styles": "^21.0.2",
        "@vaadin/vaadin-themable-mixin": "^21.0.2"
      }
    },
    "node_modules/@vaadin/vaadin-themable-mixin": {
      "version": "21.0.2",
      "resolved": "https://registry.npmjs.org/@vaadin/vaadin-themable-mixin/-/vaadin-themable-mixin-21.0.2.tgz",
      "integrity": "sha512-FofzSMRTMZWncaQUFhtyrQFXmYdmbqwu6IHvWY3boGoopXw+CoBbyuNBCJBEM0szupXrBn/QCRH5BcYzldor9A==",
      "dependencies": {
        "@polymer/polymer": "^3.0.0",
        "lit": "^2.0.0"
      }
    },
    "node_modules/@vaadin/vaadin-usage-statistics": {
      "version": "2.1.0",
      "resolved": "https://registry.npmjs.org/@vaadin/vaadin-usage-statistics/-/vaadin-usage-statistics-2.1.0.tgz",
      "integrity": "sha512-e81nbqY5zsaYhLJuOVkJkB/Um1pGK5POIqIlTNhUfjeoyGaJ63tiX8+D5n6F+GgVxUTLUarsKa6SKRcQel0AzA==",
      "hasInstallScript": true,
      "dependencies": {
        "@vaadin/vaadin-development-mode-detector": "^2.0.0"
      }
    },
    "node_modules/@webcomponents/shadycss": {
      "version": "1.11.0",
      "resolved": "https://registry.npmjs.org/@webcomponents/shadycss/-/shadycss-1.11.0.tgz",
      "integrity": "sha512-L5O/+UPum8erOleNjKq6k58GVl3fNsEQdSOyh0EUhNmi7tHUyRuCJy1uqJiWydWcLARE5IPsMoPYMZmUGrz1JA=="
    },
    "node_modules/colorette": {
      "version": "1.4.0",
      "resolved": "https://registry.npmjs.org/colorette/-/colorette-1.4.0.tgz",
      "integrity": "sha512-Y2oEozpomLn7Q3HFP7dpww7AtMJplbM9lGZP6RDfHqmbeRjiwRg4n6VM6j4KLmRke85uWEI7JqF17f3pqdRA0g==",
      "dev": true
    },
    "node_modules/esbuild": {
      "version": "0.12.28",
      "resolved": "https://registry.npmjs.org/esbuild/-/esbuild-0.12.28.tgz",
      "integrity": "sha512-pZ0FrWZXlvQOATlp14lRSk1N9GkeJ3vLIwOcUoo3ICQn9WNR4rWoNi81pbn6sC1iYUy7QPqNzI3+AEzokwyVcA==",
      "dev": true,
      "hasInstallScript": true,
      "bin": {
        "esbuild": "bin/esbuild"
      }
    },
    "node_modules/fsevents": {
      "version": "2.3.2",
      "resolved": "https://registry.npmjs.org/fsevents/-/fsevents-2.3.2.tgz",
      "integrity": "sha512-xiqMQR4xAeHTuB9uWm+fFRcIOgKBMiOBP+eXiyT7jsgVCq1bkVygt00oASowB7EdtpOHaaPgKt812P9ab+DDKA==",
      "dev": true,
      "hasInstallScript": true,
      "optional": true,
      "os": [
        "darwin"
      ],
      "engines": {
        "node": "^8.16.0 || ^10.6.0 || >=11.0.0"
      }
    },
    "node_modules/function-bind": {
      "version": "1.1.1",
      "resolved": "https://registry.npmjs.org/function-bind/-/function-bind-1.1.1.tgz",
      "integrity": "sha512-yIovAzMX49sF8Yl58fSCWJ5svSLuaibPxXQJFLmBObTuCr0Mf1KiPopGM9NiFjiYBCbfaa2Fh6breQ6ANVTI0A==",
      "dev": true
    },
    "node_modules/has": {
      "version": "1.0.3",
      "resolved": "https://registry.npmjs.org/has/-/has-1.0.3.tgz",
      "integrity": "sha512-f2dvO0VU6Oej7RkWJGrehjbzMAjFp5/VKPp5tTpWIV4JHHZK1/BxbFRtf/siA2SWTe09caDmVtYYzWEIbBS4zw==",
      "dev": true,
      "dependencies": {
        "function-bind": "^1.1.1"
      },
      "engines": {
        "node": ">= 0.4.0"
      }
    },
    "node_modules/is-core-module": {
      "version": "2.6.0",
      "resolved": "https://registry.npmjs.org/is-core-module/-/is-core-module-2.6.0.tgz",
      "integrity": "sha512-wShG8vs60jKfPWpF2KZRaAtvt3a20OAn7+IJ6hLPECpSABLcKtFKTTI4ZtH5QcBruBHlq+WsdHWyz0BCZW7svQ==",
      "dev": true,
      "dependencies": {
        "has": "^1.0.3"
      },
      "funding": {
        "url": "https://github.com/sponsors/ljharb"
      }
    },
    "node_modules/lit": {
      "version": "2.0.0",
      "resolved": "https://registry.npmjs.org/lit/-/lit-2.0.0.tgz",
      "integrity": "sha512-pqi5O/wVzQ9Bn4ERRoYQlt1EAUWyY5Wv888vzpoArbtChc+zfUv1XohRqSdtQZYCogl0eHKd+MQwymg2XJfECg==",
      "dependencies": {
        "@lit/reactive-element": "^1.0.0",
        "lit-element": "^3.0.0",
        "lit-html": "^2.0.0"
      }
    },
    "node_modules/lit-element": {
      "version": "3.0.0",
      "resolved": "https://registry.npmjs.org/lit-element/-/lit-element-3.0.0.tgz",
      "integrity": "sha512-oPqRhhBBhs+AlI62QLwtWQNU/bNK/h2L1jI3IDroqZubo6XVAkyNy2dW3CRfjij8mrNlY7wULOfyyKKOnfEePA==",
      "dependencies": {
        "@lit/reactive-element": "^1.0.0",
        "lit-html": "^2.0.0"
      }
    },
    "node_modules/lit-html": {
      "version": "2.0.0",
      "resolved": "https://registry.npmjs.org/lit-html/-/lit-html-2.0.0.tgz",
      "integrity": "sha512-tJsCapCmc0vtLj6harqd6HfCxnlt/RSkgowtz4SC9dFE3nSL38Tb33I5HMDiyJsRjQZRTgpVsahrnDrR9wg27w==",
      "dependencies": {
        "@types/trusted-types": "^2.0.2"
      }
    },
    "node_modules/nanoid": {
      "version": "3.1.25",
      "resolved": "https://registry.npmjs.org/nanoid/-/nanoid-3.1.25.tgz",
      "integrity": "sha512-rdwtIXaXCLFAQbnfqDRnI6jaRHp9fTcYBjtFKE8eezcZ7LuLjhUaQGNeMXf1HmRoCH32CLz6XwX0TtxEOS/A3Q==",
      "dev": true,
      "bin": {
        "nanoid": "bin/nanoid.cjs"
      },
      "engines": {
        "node": "^10 || ^12 || ^13.7 || ^14 || >=15.0.1"
      }
    },
    "node_modules/path-parse": {
      "version": "1.0.7",
      "resolved": "https://registry.npmjs.org/path-parse/-/path-parse-1.0.7.tgz",
      "integrity": "sha512-LDJzPVEEEPR+y48z93A0Ed0yXb8pAByGWo/k5YYdYgpY2/2EsOsksJrq7lOHxryrVOn1ejG6oAp8ahvOIQD8sw==",
      "dev": true
    },
    "node_modules/postcss": {
      "version": "8.3.6",
      "resolved": "https://registry.npmjs.org/postcss/-/postcss-8.3.6.tgz",
      "integrity": "sha512-wG1cc/JhRgdqB6WHEuyLTedf3KIRuD0hG6ldkFEZNCjRxiC+3i6kkWUUbiJQayP28iwG35cEmAbe98585BYV0A==",
      "dev": true,
      "dependencies": {
        "colorette": "^1.2.2",
        "nanoid": "^3.1.23",
        "source-map-js": "^0.6.2"
      },
      "engines": {
        "node": "^10 || ^12 || >=14"
      },
      "funding": {
        "type": "opencollective",
        "url": "https://opencollective.com/postcss/"
      }
    },
    "node_modules/resolve": {
      "version": "1.20.0",
      "resolved": "https://registry.npmjs.org/resolve/-/resolve-1.20.0.tgz",
      "integrity": "sha512-wENBPt4ySzg4ybFQW2TT1zMQucPK95HSh/nq2CFTZVOGut2+pQvSsgtda4d26YrYcr067wjbmzOG8byDPBX63A==",
      "dev": true,
      "dependencies": {
        "is-core-module": "^2.2.0",
        "path-parse": "^1.0.6"
      },
      "funding": {
        "url": "https://github.com/sponsors/ljharb"
      }
    },
    "node_modules/rollup": {
      "version": "2.56.3",
      "resolved": "https://registry.npmjs.org/rollup/-/rollup-2.56.3.tgz",
      "integrity": "sha512-Au92NuznFklgQCUcV96iXlxUbHuB1vQMaH76DHl5M11TotjOHwqk9CwcrT78+Tnv4FN9uTBxq6p4EJoYkpyekg==",
      "dev": true,
      "bin": {
        "rollup": "dist/bin/rollup"
      },
      "engines": {
        "node": ">=10.0.0"
      },
      "optionalDependencies": {
        "fsevents": "~2.3.2"
      }
    },
    "node_modules/source-map-js": {
      "version": "0.6.2",
      "resolved": "https://registry.npmjs.org/source-map-js/-/source-map-js-0.6.2.tgz",
      "integrity": "sha512-/3GptzWzu0+0MBQFrDKzw/DvvMTUORvgY6k6jd/VS6iCR4RDTKWH6v6WPwQoUO8667uQEf9Oe38DxAYWY5F/Ug==",
      "dev": true,
      "engines": {
        "node": ">=0.10.0"
      }
    },
    "node_modules/typescript": {
      "version": "4.4.3",
      "resolved": "https://registry.npmjs.org/typescript/-/typescript-4.4.3.tgz",
      "integrity": "sha512-4xfscpisVgqqDfPaJo5vkd+Qd/ItkoagnHpufr+i2QCHBsNYp+G7UAoyFl8aPtx879u38wPV65rZ8qbGZijalA==",
      "dev": true,
      "bin": {
        "tsc": "bin/tsc",
        "tsserver": "bin/tsserver"
      },
      "engines": {
        "node": ">=4.2.0"
      }
    },
    "node_modules/vite": {
      "version": "2.5.10",
      "resolved": "https://registry.npmjs.org/vite/-/vite-2.5.10.tgz",
      "integrity": "sha512-0ObiHTi5AHyXdJcvZ67HMsDgVpjT5RehvVKv6+Q0jFZ7zDI28PF5zK9mYz2avxdA+4iJMdwCz6wnGNnn4WX5Gg==",
      "dev": true,
      "dependencies": {
        "esbuild": "^0.12.17",
        "postcss": "^8.3.6",
        "resolve": "^1.20.0",
        "rollup": "^2.38.5"
      },
      "bin": {
        "vite": "bin/vite.js"
      },
      "engines": {
        "node": ">=12.2.0"
      },
      "optionalDependencies": {
        "fsevents": "~2.3.2"
      }
    }
  },
  "dependencies": {
    "@lit/reactive-element": {
      "version": "1.0.0",
      "resolved": "https://registry.npmjs.org/@lit/reactive-element/-/reactive-element-1.0.0.tgz",
      "integrity": "sha512-Kpgenb8UNFsKCsFhggiVvUkCbcFQSd6N8hffYEEGjz27/4rw3cTSsmP9t3q1EHOAsdum60Wo64HvuZDFpEwexA=="
    },
    "@polymer/iron-flex-layout": {
      "version": "3.0.1",
      "resolved": "https://registry.npmjs.org/@polymer/iron-flex-layout/-/iron-flex-layout-3.0.1.tgz",
      "integrity": "sha512-7gB869czArF+HZcPTVSgvA7tXYFze9EKckvM95NB7SqYF+NnsQyhoXgKnpFwGyo95lUjUW9TFDLUwDXnCYFtkw==",
      "requires": {
        "@polymer/polymer": "^3.0.0"
      }
    },
    "@polymer/iron-icon": {
      "version": "3.0.1",
      "resolved": "https://registry.npmjs.org/@polymer/iron-icon/-/iron-icon-3.0.1.tgz",
      "integrity": "sha512-QLPwirk+UPZNaLnMew9VludXA4CWUCenRewgEcGYwdzVgDPCDbXxy6vRJjmweZobMQv/oVLppT2JZtJFnPxX6g==",
      "requires": {
        "@polymer/iron-flex-layout": "^3.0.0-pre.26",
        "@polymer/iron-meta": "^3.0.0-pre.26",
        "@polymer/polymer": "^3.0.0"
      }
    },
    "@polymer/iron-iconset-svg": {
      "version": "3.0.1",
      "resolved": "https://registry.npmjs.org/@polymer/iron-iconset-svg/-/iron-iconset-svg-3.0.1.tgz",
      "integrity": "sha512-XNwURbNHRw6u2fJe05O5fMYye6GSgDlDqCO+q6K1zAnKIrpgZwf2vTkBd5uCcZwsN0FyCB3mvNZx4jkh85dRDw==",
      "requires": {
        "@polymer/iron-meta": "^3.0.0-pre.26",
        "@polymer/polymer": "^3.0.0"
      }
    },
    "@polymer/iron-meta": {
      "version": "3.0.1",
      "resolved": "https://registry.npmjs.org/@polymer/iron-meta/-/iron-meta-3.0.1.tgz",
      "integrity": "sha512-pWguPugiLYmWFV9UWxLWzZ6gm4wBwQdDy4VULKwdHCqR7OP7u98h+XDdGZsSlDPv6qoryV/e3tGHlTIT0mbzJA==",
      "requires": {
        "@polymer/polymer": "^3.0.0"
      }
    },
    "@polymer/iron-resizable-behavior": {
      "version": "3.0.1",
      "resolved": "https://registry.npmjs.org/@polymer/iron-resizable-behavior/-/iron-resizable-behavior-3.0.1.tgz",
      "integrity": "sha512-FyHxRxFspVoRaeZSWpT3y0C9awomb4tXXolIJcZ7RvXhMP632V5lez+ch5G5SwK0LpnAPkg35eB0LPMFv+YMMQ==",
      "requires": {
        "@polymer/polymer": "^3.0.0"
      }
    },
    "@polymer/polymer": {
      "version": "3.4.1",
      "resolved": "https://registry.npmjs.org/@polymer/polymer/-/polymer-3.4.1.tgz",
      "integrity": "sha512-KPWnhDZibtqKrUz7enIPOiO4ZQoJNOuLwqrhV2MXzIt3VVnUVJVG5ORz4Z2sgO+UZ+/UZnPD0jqY+jmw/+a9mQ==",
      "requires": {
        "@webcomponents/shadycss": "^1.9.1"
      }
    },
    "@types/trusted-types": {
      "version": "2.0.2",
      "resolved": "https://registry.npmjs.org/@types/trusted-types/-/trusted-types-2.0.2.tgz",
      "integrity": "sha512-F5DIZ36YVLE+PN+Zwws4kJogq47hNgX3Nx6WyDJ3kcplxyke3XIzB8uK5n/Lpm1HBsbGzd6nmGehL8cPekP+Tg=="
    },
    "@vaadin/vaadin-app-layout": {
      "version": "21.0.2",
      "resolved": "https://registry.npmjs.org/@vaadin/vaadin-app-layout/-/vaadin-app-layout-21.0.2.tgz",
      "integrity": "sha512-YhblyixmlGiOglJOuiPPsAB8Kpfd63G6btFV3sjgUyNHQT75OotDSNZwY9cixUCB38fFbCvRvwjWPDJBvYtokw==",
      "requires": {
        "@polymer/iron-resizable-behavior": "^3.0.0",
        "@polymer/polymer": "^3.0.0",
        "@vaadin/vaadin-button": "^21.0.2",
        "@vaadin/vaadin-element-mixin": "^21.0.2",
        "@vaadin/vaadin-lumo-styles": "^21.0.2",
        "@vaadin/vaadin-material-styles": "^21.0.2",
        "@vaadin/vaadin-themable-mixin": "^21.0.2"
      }
    },
    "@vaadin/vaadin-button": {
      "version": "21.0.2",
      "resolved": "https://registry.npmjs.org/@vaadin/vaadin-button/-/vaadin-button-21.0.2.tgz",
      "integrity": "sha512-cMMODwjazzRSoh87aZtMdG3vJns006FP8GiLIZN1nq4h2r3mN52NZnx3dAJ/mBvrFHjmsnS+i2OoR9TjGLibnw==",
      "requires": {
        "@polymer/polymer": "^3.0.0",
        "@vaadin/vaadin-control-state-mixin": "^21.0.2",
        "@vaadin/vaadin-element-mixin": "^21.0.2",
        "@vaadin/vaadin-lumo-styles": "^21.0.2",
        "@vaadin/vaadin-material-styles": "^21.0.2",
        "@vaadin/vaadin-themable-mixin": "^21.0.2"
      }
    },
    "@vaadin/vaadin-control-state-mixin": {
      "version": "21.0.2",
      "resolved": "https://registry.npmjs.org/@vaadin/vaadin-control-state-mixin/-/vaadin-control-state-mixin-21.0.2.tgz",
      "integrity": "sha512-yV+Kd5N3pO+92BVu821KY2UgJ2PpWROz2WnddNkf2mxl1Hd1y2UqmZsuTMwRCTW+M3tUMIxKWlzd0SNUR81klw==",
      "requires": {
        "@polymer/polymer": "^3.0.0"
      }
    },
    "@vaadin/vaadin-development-mode-detector": {
      "version": "2.0.4",
      "resolved": "https://registry.npmjs.org/@vaadin/vaadin-development-mode-detector/-/vaadin-development-mode-detector-2.0.4.tgz",
      "integrity": "sha512-S+PaFrZpK8uBIOnIHxjntTrgumd5ztuCnZww96ydGKXgo9whXfZsbMwDuD/102a/IuPUMyF+dh/n3PbWzJ6igA=="
    },
    "@vaadin/vaadin-element-mixin": {
      "version": "21.0.2",
      "resolved": "https://registry.npmjs.org/@vaadin/vaadin-element-mixin/-/vaadin-element-mixin-21.0.2.tgz",
      "integrity": "sha512-LbDEoK8vrpmEJgfQN4AixwkS3hT+lka6nPewvZrwnRsPnm20R6xQcLQzEN+755u1U1YmPfeglOxRItaEgXR7pA==",
      "requires": {
        "@polymer/polymer": "^3.0.0",
        "@vaadin/vaadin-development-mode-detector": "^2.0.0",
        "@vaadin/vaadin-usage-statistics": "^2.1.0"
      }
    },
    "@vaadin/vaadin-icon": {
      "version": "21.0.2",
      "resolved": "https://registry.npmjs.org/@vaadin/vaadin-icon/-/vaadin-icon-21.0.2.tgz",
      "integrity": "sha512-7PqMTzxjrrXptzzSuyuc3ZahbmS2GYaea8kzEWM/YfEGg1wfvgNrwtRMMTIMLgoFc7kZrR4Z40DgVtkueHan3A==",
      "requires": {
        "@polymer/polymer": "^3.0.0",
        "@vaadin/vaadin-element-mixin": "^21.0.2",
        "@vaadin/vaadin-lumo-styles": "^21.0.2",
        "@vaadin/vaadin-themable-mixin": "^21.0.2",
        "lit": "^2.0.0"
      }
    },
    "@vaadin/vaadin-icons": {
      "version": "21.0.2",
      "resolved": "https://registry.npmjs.org/@vaadin/vaadin-icons/-/vaadin-icons-21.0.2.tgz",
      "integrity": "sha512-Z2oNo0S+9LKzuv+o/h5XFHbwa2lU31jopTypOZ+LYV+FjH0HusUL1YKLgDMsb8lTc0DKjJ3Jk2RG8MCx9MBOWQ==",
      "requires": {
        "@polymer/iron-icon": "^3.0.0",
        "@polymer/iron-iconset-svg": "^3.0.0",
        "@polymer/polymer": "^3.0.0",
        "@vaadin/vaadin-icon": "^21.0.2"
      }
    },
    "@vaadin/vaadin-item": {
      "version": "21.0.2",
      "resolved": "https://registry.npmjs.org/@vaadin/vaadin-item/-/vaadin-item-21.0.2.tgz",
      "integrity": "sha512-uV8UoX98F1bfD9ZBriuONcIYz7iiYrS3HMelfaBxcBmB+Gnzwp/tybq0em8WbXxfE/SAxk60fgtR53Cdk90hJw==",
      "requires": {
        "@polymer/polymer": "^3.0.0",
        "@vaadin/vaadin-element-mixin": "^21.0.2",
        "@vaadin/vaadin-lumo-styles": "^21.0.2",
        "@vaadin/vaadin-material-styles": "^21.0.2",
        "@vaadin/vaadin-themable-mixin": "^21.0.2"
      }
    },
    "@vaadin/vaadin-list-mixin": {
      "version": "21.0.2",
      "resolved": "https://registry.npmjs.org/@vaadin/vaadin-list-mixin/-/vaadin-list-mixin-21.0.2.tgz",
      "integrity": "sha512-lNltuElRgj5Ip+yHlbGHjTY1mdd0XljqCM6IIjz62OH672jPyYJK38tws1VUvxmOKD5XabAu4AYpmcg3pkg1jg==",
      "requires": {
        "@polymer/polymer": "^3.0.0",
        "@vaadin/vaadin-element-mixin": "^21.0.2"
      }
    },
    "@vaadin/vaadin-lumo-styles": {
      "version": "21.0.2",
      "resolved": "https://registry.npmjs.org/@vaadin/vaadin-lumo-styles/-/vaadin-lumo-styles-21.0.2.tgz",
      "integrity": "sha512-/70nrafITHx6GQW7cg4l7oE4cJpLQjTAuwq7UK58L3Z7fmpTJS5G/VMpDGv2brMYhaycHggndA+0WLNXRAscgw==",
      "requires": {
        "@polymer/iron-icon": "^3.0.0",
        "@polymer/iron-iconset-svg": "^3.0.0",
        "@polymer/polymer": "^3.0.0",
        "@vaadin/vaadin-icon": "^21.0.2",
        "@vaadin/vaadin-themable-mixin": "^21.0.2"
      }
    },
    "@vaadin/vaadin-material-styles": {
      "version": "21.0.2",
      "resolved": "https://registry.npmjs.org/@vaadin/vaadin-material-styles/-/vaadin-material-styles-21.0.2.tgz",
      "integrity": "sha512-YdmQMrAyOdA0jJvdyuG4QGqJHsAcwbrNXOfOzjeBQOv1JddRkhk8dHhryd03yRXWoNVgQin19d0fK1M7xlZuQw==",
      "requires": {
        "@polymer/polymer": "^3.0.0",
        "@vaadin/vaadin-themable-mixin": "^21.0.2"
      }
    },
    "@vaadin/vaadin-tabs": {
      "version": "21.0.2",
      "resolved": "https://registry.npmjs.org/@vaadin/vaadin-tabs/-/vaadin-tabs-21.0.2.tgz",
      "integrity": "sha512-Pv3AYxpp8RDpRJdPPRrMsm4UyDTY8vOFa85FI9m7TzKNsuTzkOKOBtG2ejtdN3ztRvbhd6fM0oOXZAAYyB98kg==",
      "requires": {
        "@polymer/iron-resizable-behavior": "^3.0.0",
        "@polymer/polymer": "^3.0.0",
        "@vaadin/vaadin-element-mixin": "^21.0.2",
        "@vaadin/vaadin-item": "^21.0.2",
        "@vaadin/vaadin-list-mixin": "^21.0.2",
        "@vaadin/vaadin-lumo-styles": "^21.0.2",
        "@vaadin/vaadin-material-styles": "^21.0.2",
        "@vaadin/vaadin-themable-mixin": "^21.0.2"
      }
    },
    "@vaadin/vaadin-themable-mixin": {
      "version": "21.0.2",
      "resolved": "https://registry.npmjs.org/@vaadin/vaadin-themable-mixin/-/vaadin-themable-mixin-21.0.2.tgz",
      "integrity": "sha512-FofzSMRTMZWncaQUFhtyrQFXmYdmbqwu6IHvWY3boGoopXw+CoBbyuNBCJBEM0szupXrBn/QCRH5BcYzldor9A==",
      "requires": {
        "@polymer/polymer": "^3.0.0",
        "lit": "^2.0.0"
      }
    },
    "@vaadin/vaadin-usage-statistics": {
      "version": "2.1.0",
      "resolved": "https://registry.npmjs.org/@vaadin/vaadin-usage-statistics/-/vaadin-usage-statistics-2.1.0.tgz",
      "integrity": "sha512-e81nbqY5zsaYhLJuOVkJkB/Um1pGK5POIqIlTNhUfjeoyGaJ63tiX8+D5n6F+GgVxUTLUarsKa6SKRcQel0AzA==",
      "requires": {
        "@vaadin/vaadin-development-mode-detector": "^2.0.0"
      }
    },
    "@webcomponents/shadycss": {
      "version": "1.11.0",
      "resolved": "https://registry.npmjs.org/@webcomponents/shadycss/-/shadycss-1.11.0.tgz",
      "integrity": "sha512-L5O/+UPum8erOleNjKq6k58GVl3fNsEQdSOyh0EUhNmi7tHUyRuCJy1uqJiWydWcLARE5IPsMoPYMZmUGrz1JA=="
    },
    "colorette": {
      "version": "1.4.0",
      "resolved": "https://registry.npmjs.org/colorette/-/colorette-1.4.0.tgz",
      "integrity": "sha512-Y2oEozpomLn7Q3HFP7dpww7AtMJplbM9lGZP6RDfHqmbeRjiwRg4n6VM6j4KLmRke85uWEI7JqF17f3pqdRA0g==",
      "dev": true
    },
    "esbuild": {
      "version": "0.12.28",
      "resolved": "https://registry.npmjs.org/esbuild/-/esbuild-0.12.28.tgz",
      "integrity": "sha512-pZ0FrWZXlvQOATlp14lRSk1N9GkeJ3vLIwOcUoo3ICQn9WNR4rWoNi81pbn6sC1iYUy7QPqNzI3+AEzokwyVcA==",
      "dev": true
    },
    "fsevents": {
      "version": "2.3.2",
      "resolved": "https://registry.npmjs.org/fsevents/-/fsevents-2.3.2.tgz",
      "integrity": "sha512-xiqMQR4xAeHTuB9uWm+fFRcIOgKBMiOBP+eXiyT7jsgVCq1bkVygt00oASowB7EdtpOHaaPgKt812P9ab+DDKA==",
      "dev": true,
      "optional": true
    },
    "function-bind": {
      "version": "1.1.1",
      "resolved": "https://registry.npmjs.org/function-bind/-/function-bind-1.1.1.tgz",
      "integrity": "sha512-yIovAzMX49sF8Yl58fSCWJ5svSLuaibPxXQJFLmBObTuCr0Mf1KiPopGM9NiFjiYBCbfaa2Fh6breQ6ANVTI0A==",
      "dev": true
    },
    "has": {
      "version": "1.0.3",
      "resolved": "https://registry.npmjs.org/has/-/has-1.0.3.tgz",
      "integrity": "sha512-f2dvO0VU6Oej7RkWJGrehjbzMAjFp5/VKPp5tTpWIV4JHHZK1/BxbFRtf/siA2SWTe09caDmVtYYzWEIbBS4zw==",
      "dev": true,
      "requires": {
        "function-bind": "^1.1.1"
      }
    },
    "is-core-module": {
      "version": "2.6.0",
      "resolved": "https://registry.npmjs.org/is-core-module/-/is-core-module-2.6.0.tgz",
      "integrity": "sha512-wShG8vs60jKfPWpF2KZRaAtvt3a20OAn7+IJ6hLPECpSABLcKtFKTTI4ZtH5QcBruBHlq+WsdHWyz0BCZW7svQ==",
      "dev": true,
      "requires": {
        "has": "^1.0.3"
      }
    },
    "lit": {
      "version": "2.0.0",
      "resolved": "https://registry.npmjs.org/lit/-/lit-2.0.0.tgz",
      "integrity": "sha512-pqi5O/wVzQ9Bn4ERRoYQlt1EAUWyY5Wv888vzpoArbtChc+zfUv1XohRqSdtQZYCogl0eHKd+MQwymg2XJfECg==",
      "requires": {
        "@lit/reactive-element": "^1.0.0",
        "lit-element": "^3.0.0",
        "lit-html": "^2.0.0"
      }
    },
    "lit-element": {
      "version": "3.0.0",
      "resolved": "https://registry.npmjs.org/lit-element/-/lit-element-3.0.0.tgz",
      "integrity": "sha512-oPqRhhBBhs+AlI62QLwtWQNU/bNK/h2L1jI3IDroqZubo6XVAkyNy2dW3CRfjij8mrNlY7wULOfyyKKOnfEePA==",
      "requires": {
        "@lit/reactive-element": "^1.0.0",
        "lit-html": "^2.0.0"
      }
    },
    "lit-html": {
      "version": "2.0.0",
      "resolved": "https://registry.npmjs.org/lit-html/-/lit-html-2.0.0.tgz",
      "integrity": "sha512-tJsCapCmc0vtLj6harqd6HfCxnlt/RSkgowtz4SC9dFE3nSL38Tb33I5HMDiyJsRjQZRTgpVsahrnDrR9wg27w==",
      "requires": {
        "@types/trusted-types": "^2.0.2"
      }
    },
    "nanoid": {
      "version": "3.1.25",
      "resolved": "https://registry.npmjs.org/nanoid/-/nanoid-3.1.25.tgz",
      "integrity": "sha512-rdwtIXaXCLFAQbnfqDRnI6jaRHp9fTcYBjtFKE8eezcZ7LuLjhUaQGNeMXf1HmRoCH32CLz6XwX0TtxEOS/A3Q==",
      "dev": true
    },
    "path-parse": {
      "version": "1.0.7",
      "resolved": "https://registry.npmjs.org/path-parse/-/path-parse-1.0.7.tgz",
      "integrity": "sha512-LDJzPVEEEPR+y48z93A0Ed0yXb8pAByGWo/k5YYdYgpY2/2EsOsksJrq7lOHxryrVOn1ejG6oAp8ahvOIQD8sw==",
      "dev": true
    },
    "postcss": {
      "version": "8.3.6",
      "resolved": "https://registry.npmjs.org/postcss/-/postcss-8.3.6.tgz",
      "integrity": "sha512-wG1cc/JhRgdqB6WHEuyLTedf3KIRuD0hG6ldkFEZNCjRxiC+3i6kkWUUbiJQayP28iwG35cEmAbe98585BYV0A==",
      "dev": true,
      "requires": {
        "colorette": "^1.2.2",
        "nanoid": "^3.1.23",
        "source-map-js": "^0.6.2"
      }
    },
    "resolve": {
      "version": "1.20.0",
      "resolved": "https://registry.npmjs.org/resolve/-/resolve-1.20.0.tgz",
      "integrity": "sha512-wENBPt4ySzg4ybFQW2TT1zMQucPK95HSh/nq2CFTZVOGut2+pQvSsgtda4d26YrYcr067wjbmzOG8byDPBX63A==",
      "dev": true,
      "requires": {
        "is-core-module": "^2.2.0",
        "path-parse": "^1.0.6"
      }
    },
    "rollup": {
      "version": "2.56.3",
      "resolved": "https://registry.npmjs.org/rollup/-/rollup-2.56.3.tgz",
      "integrity": "sha512-Au92NuznFklgQCUcV96iXlxUbHuB1vQMaH76DHl5M11TotjOHwqk9CwcrT78+Tnv4FN9uTBxq6p4EJoYkpyekg==",
      "dev": true,
      "requires": {
        "fsevents": "~2.3.2"
      }
    },
    "source-map-js": {
      "version": "0.6.2",
      "resolved": "https://registry.npmjs.org/source-map-js/-/source-map-js-0.6.2.tgz",
      "integrity": "sha512-/3GptzWzu0+0MBQFrDKzw/DvvMTUORvgY6k6jd/VS6iCR4RDTKWH6v6WPwQoUO8667uQEf9Oe38DxAYWY5F/Ug==",
      "dev": true
    },
    "typescript": {
      "version": "4.4.3",
      "resolved": "https://registry.npmjs.org/typescript/-/typescript-4.4.3.tgz",
      "integrity": "sha512-4xfscpisVgqqDfPaJo5vkd+Qd/ItkoagnHpufr+i2QCHBsNYp+G7UAoyFl8aPtx879u38wPV65rZ8qbGZijalA==",
      "dev": true
    },
    "vite": {
      "version": "2.5.10",
      "resolved": "https://registry.npmjs.org/vite/-/vite-2.5.10.tgz",
      "integrity": "sha512-0ObiHTi5AHyXdJcvZ67HMsDgVpjT5RehvVKv6+Q0jFZ7zDI28PF5zK9mYz2avxdA+4iJMdwCz6wnGNnn4WX5Gg==",
      "dev": true,
      "requires": {
        "esbuild": "^0.12.17",
        "fsevents": "~2.3.2",
        "postcss": "^8.3.6",
        "resolve": "^1.20.0",
        "rollup": "^2.38.5"
      }
    }
  }
}
